
Microsoft Visual Studio Solution File, Format Version 12.00
# Visual Studio 15
VisualStudioVersion = 15.0.26730.16
MinimumVisualStudioVersion = 10.0.40219.1
Project("{FAE04EC0-301F-11D3-BF4B-00C04F79EFBC}") = "Series", "Series.csproj", "{70271F76-7169-4056-A041-16B4ABE68BB7}"
EndProject
Global
	GlobalSection(SolutionConfigurationPlatforms) = preSolution
		Debug|ARM = Debug|ARM
		Debug|x64 = Debug|x64
		Debug|x86 = Debug|x86
		Release|ARM = Release|ARM
		Release|x64 = Release|x64
		Release|x86 = Release|x86
	EndGlobalSection
	GlobalSection(ProjectConfigurationPlatforms) = postSolution
		{70271F76-7169-4056-A041-16B4ABE68BB7}.Debug|ARM.ActiveCfg = Debug|ARM
		{70271F76-7169-4056-A041-16B4ABE68BB7}.Debug|ARM.Build.0 = Debug|ARM
		{70271F76-7169-4056-A041-16B4ABE68BB7}.Debug|ARM.Deploy.0 = Debug|ARM
		{70271F76-7169-4056-A041-16B4ABE68BB7}.Debug|x64.ActiveCfg = Debug|x64
		{70271F76-7169-4056-A041-16B4ABE68BB7}.Debug|x64.Build.0 = Debug|x64
		{70271F76-7169-4056-A041-16B4ABE68BB7}.Debug|x64.Deploy.0 = Debug|x64
		{70271F76-7169-4056-A041-16B4ABE68BB7}.Debug|x86.ActiveCfg = Debug|x86
		{70271F76-7169-4056-A041-16B4ABE68BB7}.Debug|x86.Build.0 = Debug|x86
		{70271F76-7169-4056-A041-16B4ABE68BB7}.Debug|x86.Deploy.0 = Debug|x86
		{70271F76-7169-4056-A041-16B4ABE68BB7}.Release|ARM.ActiveCfg = Release|ARM
		{70271F76-7169-4056-A041-16B4ABE68BB7}.Release|ARM.Build.0 = Release|ARM
		{70271F76-7169-4056-A041-16B4ABE68BB7}.Release|ARM.Deploy.0 = Release|ARM
		{70271F76-7169-4056-A041-16B4ABE68BB7}.Release|x64.ActiveCfg = Release|x64
		{70271F76-7169-4056-A041-16B4ABE68BB7}.Release|x64.Build.0 = Release|x64
		{70271F76-7169-4056-A041-16B4ABE68BB7}.Release|x64.Deploy.0 = Release|x64
		{70271F76-7169-4056-A041-16B4ABE68BB7}.Release|x86.ActiveCfg = Release|x86
		{70271F76-7169-4056-A041-16B4ABE68BB7}.Release|x86.Build.0 = Release|x86
		{70271F76-7169-4056-A041-16B4ABE68BB7}.Release|x86.Deploy.0 = Release|x86
	EndGlobalSection
	GlobalSection(SolutionProperties) = preSolution
		HideSolutionNode = FALSE
	EndGlobalSection
	GlobalSection(ExtensibilityGlobals) = postSolution
		SolutionGuid = {1BFB50F9-A3A5-4CCD-9D3B-FCE904EB5CF4}
	EndGlobalSection
EndGlobal
